// !$*UTF8*$!
{
	archiveVersion = 1;
	classes = {
	};
	objectVersion = 46;
	objects = {

/* Begin PBXBuildFile section */
		311126A71C762B9B005280BA /* delete.png in Resources */ = {isa = PBXBuildFile; fileRef = 311126A61C762B9B005280BA /* delete.png */; };
		3122C6711C6CF1F8008FE477 /* EssentialsViewController.swift in Sources */ = {isa = PBXBuildFile; fileRef = 3122C6701C6CF1F8008FE477 /* EssentialsViewController.swift */; };
		3122C6731C6CF567008FE477 /* EssentialsTableViewCell.swift in Sources */ = {isa = PBXBuildFile; fileRef = 3122C6721C6CF567008FE477 /* EssentialsTableViewCell.swift */; };
		316E038B1C73934E003D9E77 /* EssentialsEntryViewController.swift in Sources */ = {isa = PBXBuildFile; fileRef = 316E038A1C73934E003D9E77 /* EssentialsEntryViewController.swift */; };
		31A224761C73B21D00D16B03 /* unchecked.png in Resources */ = {isa = PBXBuildFile; fileRef = 31A224751C73B21D00D16B03 /* unchecked.png */; };
		31A224781C73B22E00D16B03 /* checked.png in Resources */ = {isa = PBXBuildFile; fileRef = 31A224771C73B22E00D16B03 /* checked.png */; };
		853C09921C7A55E700CA1B30 /* actonalzheimers.png in Resources */ = {isa = PBXBuildFile; fileRef = 853C09911C7A55E700CA1B30 /* actonalzheimers.png */; };
		854438371C691F690018E60B /* LocalResources.swift in Sources */ = {isa = PBXBuildFile; fileRef = 854438361C691F690018E60B /* LocalResources.swift */; };
		858AC7A31C610EEB00579261 /* Essentials.swift in Sources */ = {isa = PBXBuildFile; fileRef = 858AC7A21C610EEB00579261 /* Essentials.swift */; };
		8594367E1C7A96B00065A236 /* carlsoncapitalmanagement.png in Resources */ = {isa = PBXBuildFile; fileRef = 8594367D1C7A96B00065A236 /* carlsoncapitalmanagement.png */; };
		859436801C7A96B50065A236 /* dakotacounty.png in Resources */ = {isa = PBXBuildFile; fileRef = 8594367F1C7A96B50065A236 /* dakotacounty.png */; };
		859436821C7A96BA0065A236 /* hvistendahl.png in Resources */ = {isa = PBXBuildFile; fileRef = 859436811C7A96BA0065A236 /* hvistendahl.png */; };
		859436841C7A96BE0065A236 /* northfieldretirementcommunity.png in Resources */ = {isa = PBXBuildFile; fileRef = 859436831C7A96BE0065A236 /* northfieldretirementcommunity.png */; };
		859436861C7A96C20065A236 /* image-coming-soon.png in Resources */ = {isa = PBXBuildFile; fileRef = 859436851C7A96C20065A236 /* image-coming-soon.png */; };
		859436881C7A96C60065A236 /* northfieldseniorcenter.png in Resources */ = {isa = PBXBuildFile; fileRef = 859436871C7A96C60065A236 /* northfieldseniorcenter.png */; };
		8594368A1C7A96CA0065A236 /* thisisnorthfield.png in Resources */ = {isa = PBXBuildFile; fileRef = 859436891C7A96CA0065A236 /* thisisnorthfield.png */; };
		8594368C1C7A96CD0065A236 /* threelinks.png in Resources */ = {isa = PBXBuildFile; fileRef = 8594368B1C7A96CD0065A236 /* threelinks.png */; };
		8594368E1C7A96D20065A236 /* ricecounty.png in Resources */ = {isa = PBXBuildFile; fileRef = 8594368D1C7A96D20065A236 /* ricecounty.png */; };
		859436901C7A9F4B0065A236 /* memorycafe.png in Resources */ = {isa = PBXBuildFile; fileRef = 8594368F1C7A9F4B0065A236 /* memorycafe.png */; };
		912D6D7A1C71083400FBD51A /* LocalResourcesViewController.swift in Sources */ = {isa = PBXBuildFile; fileRef = 912D6D791C71083400FBD51A /* LocalResourcesViewController.swift */; };
		912D6D7C1C71084200FBD51A /* DetailLocalResourcesViewController.swift in Sources */ = {isa = PBXBuildFile; fileRef = 912D6D7B1C71084200FBD51A /* DetailLocalResourcesViewController.swift */; };
		912D6D7E1C739B9400FBD51A /* AddTeamMemberViewController.swift in Sources */ = {isa = PBXBuildFile; fileRef = 912D6D7D1C739B9400FBD51A /* AddTeamMemberViewController.swift */; };
		91863D391C691179005C6C58 /* MoreViewController.swift in Sources */ = {isa = PBXBuildFile; fileRef = 91863D381C691179005C6C58 /* MoreViewController.swift */; };
		91863D3D1C69124C005C6C58 /* ManageTeamViewController.swift in Sources */ = {isa = PBXBuildFile; fileRef = 91863D3C1C69124C005C6C58 /* ManageTeamViewController.swift */; };
		9189A0521C7A20920094507D /* AboutUsTableViewController.swift in Sources */ = {isa = PBXBuildFile; fileRef = 9189A0511C7A20920094507D /* AboutUsTableViewController.swift */; };
		9189A0541C7A3C800094507D /* DisclaimerViewController.swift in Sources */ = {isa = PBXBuildFile; fileRef = 9189A0531C7A3C800094507D /* DisclaimerViewController.swift */; };
		9189A0561C7A445E0094507D /* LocationIconSmall.png in Resources */ = {isa = PBXBuildFile; fileRef = 9189A0551C7A445E0094507D /* LocationIconSmall.png */; };
		9189A0581C7A44810094507D /* PhoneIconSmall.png in Resources */ = {isa = PBXBuildFile; fileRef = 9189A0571C7A44810094507D /* PhoneIconSmall.png */; };
		9189A05A1C7A44BE0094507D /* WebLinkIconSmall.png in Resources */ = {isa = PBXBuildFile; fileRef = 9189A0591C7A44BE0094507D /* WebLinkIconSmall.png */; };
		9189A05C1C7A9B790094507D /* ContactIconSmall.png in Resources */ = {isa = PBXBuildFile; fileRef = 9189A05B1C7A9B790094507D /* ContactIconSmall.png */; };
		9189A05E1C7A9B800094507D /* EmailIconSmall.png in Resources */ = {isa = PBXBuildFile; fileRef = 9189A05D1C7A9B800094507D /* EmailIconSmall.png */; };
		91FFBD861C692E220004BBD0 /* UserAccessViewController.swift in Sources */ = {isa = PBXBuildFile; fileRef = 91FFBD851C692E220004BBD0 /* UserAccessViewController.swift */; };
		B9489BC91C4C269600F455EE /* AppUser.swift in Sources */ = {isa = PBXBuildFile; fileRef = B9489BC81C4C269600F455EE /* AppUser.swift */; };
		B9489BCB1C4C26AA00F455EE /* AccessLevel.swift in Sources */ = {isa = PBXBuildFile; fileRef = B9489BCA1C4C26AA00F455EE /* AccessLevel.swift */; };
		B9489BCD1C4C26C100F455EE /* NFObject.swift in Sources */ = {isa = PBXBuildFile; fileRef = B9489BCC1C4C26C100F455EE /* NFObject.swift */; };
		E023470F1B677CD3004F2DBE /* AppDelegate.swift in Sources */ = {isa = PBXBuildFile; fileRef = E023470E1B677CD3004F2DBE /* AppDelegate.swift */; };
		E02347141B677CD3004F2DBE /* Main.storyboard in Resources */ = {isa = PBXBuildFile; fileRef = E02347121B677CD3004F2DBE /* Main.storyboard */; };
		E02347161B677CD3004F2DBE /* Images.xcassets in Resources */ = {isa = PBXBuildFile; fileRef = E02347151B677CD3004F2DBE /* Images.xcassets */; };
		E02347191B677CD3004F2DBE /* LaunchScreen.xib in Resources */ = {isa = PBXBuildFile; fileRef = E02347171B677CD3004F2DBE /* LaunchScreen.xib */; };
		E02347251B677CD3004F2DBE /* ParseDemoTests.swift in Sources */ = {isa = PBXBuildFile; fileRef = E02347241B677CD3004F2DBE /* ParseDemoTests.swift */; };
		E02347541B6A50F6004F2DBE /* SignUpViewController.swift in Sources */ = {isa = PBXBuildFile; fileRef = E02347531B6A50F6004F2DBE /* SignUpViewController.swift */; };
		E02347581B6BE242004F2DBE /* ResetPasswordViewController.swift in Sources */ = {isa = PBXBuildFile; fileRef = E02347571B6BE242004F2DBE /* ResetPasswordViewController.swift */; };
		E023475E1B6BE32A004F2DBE /* HomeViewController.swift in Sources */ = {isa = PBXBuildFile; fileRef = E023475D1B6BE32A004F2DBE /* HomeViewController.swift */; };
		E02347601B6BE423004F2DBE /* LoginViewController.swift in Sources */ = {isa = PBXBuildFile; fileRef = E023475F1B6BE423004F2DBE /* LoginViewController.swift */; };
		E203BE841C4C981B009BC4C6 /* LocalResourcesTabIcon.png in Resources */ = {isa = PBXBuildFile; fileRef = E203BE801C4C981B009BC4C6 /* LocalResourcesTabIcon.png */; };
		E203BE861C4C981B009BC4C6 /* NewsFeedTabIcon.png in Resources */ = {isa = PBXBuildFile; fileRef = E203BE821C4C981B009BC4C6 /* NewsFeedTabIcon.png */; };
		E203BE881C4C987C009BC4C6 /* MoreTabIcon.png in Resources */ = {isa = PBXBuildFile; fileRef = E203BE871C4C987C009BC4C6 /* MoreTabIcon.png */; };
		E203BE901C4C9A7B009BC4C6 /* EssentialsTabIcon.png in Resources */ = {isa = PBXBuildFile; fileRef = E203BE8F1C4C9A7B009BC4C6 /* EssentialsTabIcon.png */; };
		E203BE921C4C9AFD009BC4C6 /* LocalResourcesTabIconSmall.png in Resources */ = {isa = PBXBuildFile; fileRef = E203BE911C4C9AFD009BC4C6 /* LocalResourcesTabIconSmall.png */; };
		E203BE961C4C9B9E009BC4C6 /* NewsFeedTabIconSmall.png in Resources */ = {isa = PBXBuildFile; fileRef = E203BE951C4C9B9E009BC4C6 /* NewsFeedTabIconSmall.png */; };
		E203BE9A1C4C9D3E009BC4C6 /* ThreeHands.png in Resources */ = {isa = PBXBuildFile; fileRef = E203BE991C4C9D3E009BC4C6 /* ThreeHands.png */; };
		E20C73281C627D3D005CB7BC /* Medical_Button_Icon.png in Resources */ = {isa = PBXBuildFile; fileRef = E20C73271C627D3D005CB7BC /* Medical_Button_Icon.png */; };
		E20C732A1C627F3C005CB7BC /* Financial_Button_Icon.png in Resources */ = {isa = PBXBuildFile; fileRef = E20C73291C627F3C005CB7BC /* Financial_Button_Icon.png */; };
		E20C732C1C627F41005CB7BC /* Legal_Button_Icon.png in Resources */ = {isa = PBXBuildFile; fileRef = E20C732B1C627F41005CB7BC /* Legal_Button_Icon.png */; };
		E20C732E1C627F56005CB7BC /* Personal_Button_Icon.png in Resources */ = {isa = PBXBuildFile; fileRef = E20C732D1C627F56005CB7BC /* Personal_Button_Icon.png */; };
		E2235BF21C5576A3009320A1 /* CNPPopupController.m in Sources */ = {isa = PBXBuildFile; fileRef = E2235BF11C5576A3009320A1 /* CNPPopupController.m */; };
		E25AF06A1C69334D003654B3 /* NewsFeedTableViewImageCell.swift in Sources */ = {isa = PBXBuildFile; fileRef = E25AF0691C69334C003654B3 /* NewsFeedTableViewImageCell.swift */; };
		E25F0FC21C56E24900F99DB5 /* NewsFeedTableViewCell.swift in Sources */ = {isa = PBXBuildFile; fileRef = E25F0FC11C56E24900F99DB5 /* NewsFeedTableViewCell.swift */; };
		E25F0FC41C56E47400F99DB5 /* NewsfeedViewController.swift in Sources */ = {isa = PBXBuildFile; fileRef = E25F0FC31C56E47400F99DB5 /* NewsfeedViewController.swift */; };
		E265B6A61C6E52F70033AB04 /* TextEntryViewController.swift in Sources */ = {isa = PBXBuildFile; fileRef = E265B6A51C6E52F70033AB04 /* TextEntryViewController.swift */; };
		E27A85CB1C5A889F00427200 /* Post_Icon.png in Resources */ = {isa = PBXBuildFile; fileRef = E27A85CA1C5A889F00427200 /* Post_Icon.png */; };
		E27A85CD1C5A8C8C00427200 /* Filter_Icon.png in Resources */ = {isa = PBXBuildFile; fileRef = E27A85CC1C5A8C8C00427200 /* Filter_Icon.png */; };
		E2B9298D1C699ADD00157DBD /* Financial_Button_Icon_Weak.png in Resources */ = {isa = PBXBuildFile; fileRef = E2B929891C699ADD00157DBD /* Financial_Button_Icon_Weak.png */; };
		E2B9298E1C699ADD00157DBD /* Legal_Button_Icon_Weak.png in Resources */ = {isa = PBXBuildFile; fileRef = E2B9298A1C699ADD00157DBD /* Legal_Button_Icon_Weak.png */; };
		E2B9298F1C699ADD00157DBD /* Medical_Button_Icon_Weak.png in Resources */ = {isa = PBXBuildFile; fileRef = E2B9298B1C699ADD00157DBD /* Medical_Button_Icon_Weak.png */; };
		E2B929901C699ADD00157DBD /* Personal_Button_Icon_Weak.png in Resources */ = {isa = PBXBuildFile; fileRef = E2B9298C1C699ADD00157DBD /* Personal_Button_Icon_Weak.png */; };
		E2DD4F971C7A5462009F103F /* ThreeHands_gray.png in Resources */ = {isa = PBXBuildFile; fileRef = E2DD4F961C7A5462009F103F /* ThreeHands_gray.png */; };
		F48894B01B99399B003627DB /* AudioToolbox.framework in Frameworks */ = {isa = PBXBuildFile; fileRef = F48894AF1B99399B003627DB /* AudioToolbox.framework */; };
		F48894B21B9939A3003627DB /* CFNetwork.framework in Frameworks */ = {isa = PBXBuildFile; fileRef = F48894B11B9939A3003627DB /* CFNetwork.framework */; };
		F48894B41B9939AB003627DB /* CoreGraphics.framework in Frameworks */ = {isa = PBXBuildFile; fileRef = F48894B31B9939AB003627DB /* CoreGraphics.framework */; };
		F48894B61B9939B0003627DB /* CoreLocation.framework in Frameworks */ = {isa = PBXBuildFile; fileRef = F48894B51B9939B0003627DB /* CoreLocation.framework */; };
		F48894B81B9939B7003627DB /* QuartzCore.framework in Frameworks */ = {isa = PBXBuildFile; fileRef = F48894B71B9939B7003627DB /* QuartzCore.framework */; };
		F48894BA1B9939BF003627DB /* Security.framework in Frameworks */ = {isa = PBXBuildFile; fileRef = F48894B91B9939BF003627DB /* Security.framework */; };
		F48894BC1B9939C4003627DB /* StoreKit.framework in Frameworks */ = {isa = PBXBuildFile; fileRef = F48894BB1B9939C4003627DB /* StoreKit.framework */; };
		F48894BE1B9939CC003627DB /* SystemConfiguration.framework in Frameworks */ = {isa = PBXBuildFile; fileRef = F48894BD1B9939CC003627DB /* SystemConfiguration.framework */; };
		F48894C01B9939D6003627DB /* libz.dylib in Frameworks */ = {isa = PBXBuildFile; fileRef = F48894BF1B9939D6003627DB /* libz.dylib */; };
		F48894C21B9939DF003627DB /* libsqlite3.dylib in Frameworks */ = {isa = PBXBuildFile; fileRef = F48894C11B9939DF003627DB /* libsqlite3.dylib */; };
		FDECF67A66A4F8459E3F23AC /* libPods.a in Frameworks */ = {isa = PBXBuildFile; fileRef = 76EF4CAB564325C4D43B42B5 /* libPods.a */; };
/* End PBXBuildFile section */

/* Begin PBXContainerItemProxy section */
		E023471F1B677CD3004F2DBE /* PBXContainerItemProxy */ = {
			isa = PBXContainerItemProxy;
			containerPortal = E02347011B677CD3004F2DBE /* Project object */;
			proxyType = 1;
			remoteGlobalIDString = E02347081B677CD3004F2DBE;
			remoteInfo = ParseDemo;
		};
/* End PBXContainerItemProxy section */

/* Begin PBXFileReference section */
		311126A61C762B9B005280BA /* delete.png */ = {isa = PBXFileReference; lastKnownFileType = image.png; path = delete.png; sourceTree = "<group>"; };
		3122C6701C6CF1F8008FE477 /* EssentialsViewController.swift */ = {isa = PBXFileReference; fileEncoding = 4; lastKnownFileType = sourcecode.swift; path = EssentialsViewController.swift; sourceTree = "<group>"; };
		3122C6721C6CF567008FE477 /* EssentialsTableViewCell.swift */ = {isa = PBXFileReference; fileEncoding = 4; lastKnownFileType = sourcecode.swift; path = EssentialsTableViewCell.swift; sourceTree = "<group>"; };
		316E038A1C73934E003D9E77 /* EssentialsEntryViewController.swift */ = {isa = PBXFileReference; fileEncoding = 4; lastKnownFileType = sourcecode.swift; path = EssentialsEntryViewController.swift; sourceTree = "<group>"; };
		31A224751C73B21D00D16B03 /* unchecked.png */ = {isa = PBXFileReference; lastKnownFileType = image.png; path = unchecked.png; sourceTree = "<group>"; };
		31A224771C73B22E00D16B03 /* checked.png */ = {isa = PBXFileReference; lastKnownFileType = image.png; path = checked.png; sourceTree = "<group>"; };
		7304E1711D41A83FBCFDCC1D /* Pods.debug.xcconfig */ = {isa = PBXFileReference; includeInIndex = 1; lastKnownFileType = text.xcconfig; name = Pods.debug.xcconfig; path = "Pods/Target Support Files/Pods/Pods.debug.xcconfig"; sourceTree = "<group>"; };
		76EF4CAB564325C4D43B42B5 /* libPods.a */ = {isa = PBXFileReference; explicitFileType = archive.ar; includeInIndex = 0; path = libPods.a; sourceTree = BUILT_PRODUCTS_DIR; };
		853C09911C7A55E700CA1B30 /* actonalzheimers.png */ = {isa = PBXFileReference; lastKnownFileType = image.png; name = actonalzheimers.png; path = "Local Resource Images/actonalzheimers.png"; sourceTree = "<group>"; };
		854438361C691F690018E60B /* LocalResources.swift */ = {isa = PBXFileReference; fileEncoding = 4; lastKnownFileType = sourcecode.swift; path = LocalResources.swift; sourceTree = "<group>"; };
		858AC7A21C610EEB00579261 /* Essentials.swift */ = {isa = PBXFileReference; fileEncoding = 4; lastKnownFileType = sourcecode.swift; path = Essentials.swift; sourceTree = "<group>"; };
		8594367D1C7A96B00065A236 /* carlsoncapitalmanagement.png */ = {isa = PBXFileReference; lastKnownFileType = image.png; name = carlsoncapitalmanagement.png; path = "Local Resource Images/carlsoncapitalmanagement.png"; sourceTree = "<group>"; };
		8594367F1C7A96B50065A236 /* dakotacounty.png */ = {isa = PBXFileReference; lastKnownFileType = image.png; name = dakotacounty.png; path = "Local Resource Images/dakotacounty.png"; sourceTree = "<group>"; };
		859436811C7A96BA0065A236 /* hvistendahl.png */ = {isa = PBXFileReference; lastKnownFileType = image.png; name = hvistendahl.png; path = "Local Resource Images/hvistendahl.png"; sourceTree = "<group>"; };
		859436831C7A96BE0065A236 /* northfieldretirementcommunity.png */ = {isa = PBXFileReference; lastKnownFileType = image.png; name = northfieldretirementcommunity.png; path = "Local Resource Images/northfieldretirementcommunity.png"; sourceTree = "<group>"; };
		859436851C7A96C20065A236 /* image-coming-soon.png */ = {isa = PBXFileReference; lastKnownFileType = image.png; name = "image-coming-soon.png"; path = "Local Resource Images/image-coming-soon.png"; sourceTree = "<group>"; };
		859436871C7A96C60065A236 /* northfieldseniorcenter.png */ = {isa = PBXFileReference; lastKnownFileType = image.png; name = northfieldseniorcenter.png; path = "Local Resource Images/northfieldseniorcenter.png"; sourceTree = "<group>"; };
		859436891C7A96CA0065A236 /* thisisnorthfield.png */ = {isa = PBXFileReference; lastKnownFileType = image.png; name = thisisnorthfield.png; path = "Local Resource Images/thisisnorthfield.png"; sourceTree = "<group>"; };
		8594368B1C7A96CD0065A236 /* threelinks.png */ = {isa = PBXFileReference; lastKnownFileType = image.png; name = threelinks.png; path = "Local Resource Images/threelinks.png"; sourceTree = "<group>"; };
		8594368D1C7A96D20065A236 /* ricecounty.png */ = {isa = PBXFileReference; lastKnownFileType = image.png; name = ricecounty.png; path = "Local Resource Images/ricecounty.png"; sourceTree = "<group>"; };
		8594368F1C7A9F4B0065A236 /* memorycafe.png */ = {isa = PBXFileReference; lastKnownFileType = image.png; name = memorycafe.png; path = "Local Resource Images/memorycafe.png"; sourceTree = "<group>"; };
		912D6D791C71083400FBD51A /* LocalResourcesViewController.swift */ = {isa = PBXFileReference; fileEncoding = 4; lastKnownFileType = sourcecode.swift; path = LocalResourcesViewController.swift; sourceTree = "<group>"; };
		912D6D7B1C71084200FBD51A /* DetailLocalResourcesViewController.swift */ = {isa = PBXFileReference; fileEncoding = 4; lastKnownFileType = sourcecode.swift; path = DetailLocalResourcesViewController.swift; sourceTree = "<group>"; };
		912D6D7D1C739B9400FBD51A /* AddTeamMemberViewController.swift */ = {isa = PBXFileReference; fileEncoding = 4; lastKnownFileType = sourcecode.swift; path = AddTeamMemberViewController.swift; sourceTree = "<group>"; };
		91863D381C691179005C6C58 /* MoreViewController.swift */ = {isa = PBXFileReference; fileEncoding = 4; lastKnownFileType = sourcecode.swift; path = MoreViewController.swift; sourceTree = "<group>"; };
		91863D3C1C69124C005C6C58 /* ManageTeamViewController.swift */ = {isa = PBXFileReference; fileEncoding = 4; lastKnownFileType = sourcecode.swift; path = ManageTeamViewController.swift; sourceTree = "<group>"; };
		9189A0511C7A20920094507D /* AboutUsTableViewController.swift */ = {isa = PBXFileReference; fileEncoding = 4; lastKnownFileType = sourcecode.swift; path = AboutUsTableViewController.swift; sourceTree = "<group>"; };
		9189A0531C7A3C800094507D /* DisclaimerViewController.swift */ = {isa = PBXFileReference; fileEncoding = 4; lastKnownFileType = sourcecode.swift; path = DisclaimerViewController.swift; sourceTree = "<group>"; };
		9189A0551C7A445E0094507D /* LocationIconSmall.png */ = {isa = PBXFileReference; lastKnownFileType = image.png; path = LocationIconSmall.png; sourceTree = "<group>"; };
		9189A0571C7A44810094507D /* PhoneIconSmall.png */ = {isa = PBXFileReference; lastKnownFileType = image.png; path = PhoneIconSmall.png; sourceTree = "<group>"; };
		9189A0591C7A44BE0094507D /* WebLinkIconSmall.png */ = {isa = PBXFileReference; lastKnownFileType = image.png; path = WebLinkIconSmall.png; sourceTree = "<group>"; };
		9189A05B1C7A9B790094507D /* ContactIconSmall.png */ = {isa = PBXFileReference; lastKnownFileType = image.png; path = ContactIconSmall.png; sourceTree = "<group>"; };
		9189A05D1C7A9B800094507D /* EmailIconSmall.png */ = {isa = PBXFileReference; lastKnownFileType = image.png; path = EmailIconSmall.png; sourceTree = "<group>"; };
		91FFBD851C692E220004BBD0 /* UserAccessViewController.swift */ = {isa = PBXFileReference; fileEncoding = 4; lastKnownFileType = sourcecode.swift; path = UserAccessViewController.swift; sourceTree = "<group>"; };
		B9489BC81C4C269600F455EE /* AppUser.swift */ = {isa = PBXFileReference; fileEncoding = 4; lastKnownFileType = sourcecode.swift; path = AppUser.swift; sourceTree = "<group>"; };
		B9489BCA1C4C26AA00F455EE /* AccessLevel.swift */ = {isa = PBXFileReference; fileEncoding = 4; lastKnownFileType = sourcecode.swift; path = AccessLevel.swift; sourceTree = "<group>"; };
		B9489BCC1C4C26C100F455EE /* NFObject.swift */ = {isa = PBXFileReference; fileEncoding = 4; lastKnownFileType = sourcecode.swift; path = NFObject.swift; sourceTree = "<group>"; };
		E02347091B677CD3004F2DBE /* ParseDemo.app */ = {isa = PBXFileReference; explicitFileType = wrapper.application; includeInIndex = 0; path = ParseDemo.app; sourceTree = BUILT_PRODUCTS_DIR; };
		E023470D1B677CD3004F2DBE /* Info.plist */ = {isa = PBXFileReference; lastKnownFileType = text.plist.xml; path = Info.plist; sourceTree = "<group>"; };
		E023470E1B677CD3004F2DBE /* AppDelegate.swift */ = {isa = PBXFileReference; lastKnownFileType = sourcecode.swift; path = AppDelegate.swift; sourceTree = "<group>"; };
		E02347131B677CD3004F2DBE /* Base */ = {isa = PBXFileReference; lastKnownFileType = file.storyboard; name = Base; path = Base.lproj/Main.storyboard; sourceTree = "<group>"; };
		E02347151B677CD3004F2DBE /* Images.xcassets */ = {isa = PBXFileReference; lastKnownFileType = folder.assetcatalog; path = Images.xcassets; sourceTree = "<group>"; };
		E02347181B677CD3004F2DBE /* Base */ = {isa = PBXFileReference; lastKnownFileType = file.xib; name = Base; path = Base.lproj/LaunchScreen.xib; sourceTree = "<group>"; };
		E023471E1B677CD3004F2DBE /* ParseDemoTests.xctest */ = {isa = PBXFileReference; explicitFileType = wrapper.cfbundle; includeInIndex = 0; path = ParseDemoTests.xctest; sourceTree = BUILT_PRODUCTS_DIR; };
		E02347231B677CD3004F2DBE /* Info.plist */ = {isa = PBXFileReference; lastKnownFileType = text.plist.xml; path = Info.plist; sourceTree = "<group>"; };
		E02347241B677CD3004F2DBE /* ParseDemoTests.swift */ = {isa = PBXFileReference; lastKnownFileType = sourcecode.swift; path = ParseDemoTests.swift; sourceTree = "<group>"; };
		E02347531B6A50F6004F2DBE /* SignUpViewController.swift */ = {isa = PBXFileReference; fileEncoding = 4; lastKnownFileType = sourcecode.swift; path = SignUpViewController.swift; sourceTree = "<group>"; };
		E02347571B6BE242004F2DBE /* ResetPasswordViewController.swift */ = {isa = PBXFileReference; fileEncoding = 4; lastKnownFileType = sourcecode.swift; path = ResetPasswordViewController.swift; sourceTree = "<group>"; };
		E023475D1B6BE32A004F2DBE /* HomeViewController.swift */ = {isa = PBXFileReference; fileEncoding = 4; lastKnownFileType = sourcecode.swift; path = HomeViewController.swift; sourceTree = "<group>"; };
		E023475F1B6BE423004F2DBE /* LoginViewController.swift */ = {isa = PBXFileReference; fileEncoding = 4; lastKnownFileType = sourcecode.swift; path = LoginViewController.swift; sourceTree = "<group>"; };
		E203BE801C4C981B009BC4C6 /* LocalResourcesTabIcon.png */ = {isa = PBXFileReference; lastKnownFileType = image.png; path = LocalResourcesTabIcon.png; sourceTree = "<group>"; };
		E203BE821C4C981B009BC4C6 /* NewsFeedTabIcon.png */ = {isa = PBXFileReference; lastKnownFileType = image.png; path = NewsFeedTabIcon.png; sourceTree = "<group>"; };
		E203BE871C4C987C009BC4C6 /* MoreTabIcon.png */ = {isa = PBXFileReference; lastKnownFileType = image.png; path = MoreTabIcon.png; sourceTree = "<group>"; };
		E203BE8F1C4C9A7B009BC4C6 /* EssentialsTabIcon.png */ = {isa = PBXFileReference; lastKnownFileType = image.png; path = EssentialsTabIcon.png; sourceTree = "<group>"; };
		E203BE911C4C9AFD009BC4C6 /* LocalResourcesTabIconSmall.png */ = {isa = PBXFileReference; lastKnownFileType = image.png; path = LocalResourcesTabIconSmall.png; sourceTree = "<group>"; };
		E203BE951C4C9B9E009BC4C6 /* NewsFeedTabIconSmall.png */ = {isa = PBXFileReference; lastKnownFileType = image.png; path = NewsFeedTabIconSmall.png; sourceTree = "<group>"; };
		E203BE991C4C9D3E009BC4C6 /* ThreeHands.png */ = {isa = PBXFileReference; lastKnownFileType = image.png; path = ThreeHands.png; sourceTree = "<group>"; };
		E20C73271C627D3D005CB7BC /* Medical_Button_Icon.png */ = {isa = PBXFileReference; lastKnownFileType = image.png; path = Medical_Button_Icon.png; sourceTree = "<group>"; };
		E20C73291C627F3C005CB7BC /* Financial_Button_Icon.png */ = {isa = PBXFileReference; lastKnownFileType = image.png; path = Financial_Button_Icon.png; sourceTree = "<group>"; };
		E20C732B1C627F41005CB7BC /* Legal_Button_Icon.png */ = {isa = PBXFileReference; lastKnownFileType = image.png; path = Legal_Button_Icon.png; sourceTree = "<group>"; };
		E20C732D1C627F56005CB7BC /* Personal_Button_Icon.png */ = {isa = PBXFileReference; lastKnownFileType = image.png; path = Personal_Button_Icon.png; sourceTree = "<group>"; };
		E2235BEF1C5576A2009320A1 /* ParseDemo-Bridging-Header.h */ = {isa = PBXFileReference; lastKnownFileType = sourcecode.c.h; path = "ParseDemo-Bridging-Header.h"; sourceTree = "<group>"; };
		E2235BF01C5576A3009320A1 /* CNPPopupController.h */ = {isa = PBXFileReference; fileEncoding = 4; lastKnownFileType = sourcecode.c.h; path = CNPPopupController.h; sourceTree = "<group>"; };
		E2235BF11C5576A3009320A1 /* CNPPopupController.m */ = {isa = PBXFileReference; fileEncoding = 4; lastKnownFileType = sourcecode.c.objc; path = CNPPopupController.m; sourceTree = "<group>"; };
		E25AF0691C69334C003654B3 /* NewsFeedTableViewImageCell.swift */ = {isa = PBXFileReference; fileEncoding = 4; lastKnownFileType = sourcecode.swift; path = NewsFeedTableViewImageCell.swift; sourceTree = "<group>"; };
		E25F0FC11C56E24900F99DB5 /* NewsFeedTableViewCell.swift */ = {isa = PBXFileReference; fileEncoding = 4; lastKnownFileType = sourcecode.swift; path = NewsFeedTableViewCell.swift; sourceTree = "<group>"; };
		E25F0FC31C56E47400F99DB5 /* NewsfeedViewController.swift */ = {isa = PBXFileReference; fileEncoding = 4; lastKnownFileType = sourcecode.swift; path = NewsfeedViewController.swift; sourceTree = "<group>"; };
		E265B6A51C6E52F70033AB04 /* TextEntryViewController.swift */ = {isa = PBXFileReference; fileEncoding = 4; lastKnownFileType = sourcecode.swift; path = TextEntryViewController.swift; sourceTree = "<group>"; };
		E27A85CA1C5A889F00427200 /* Post_Icon.png */ = {isa = PBXFileReference; lastKnownFileType = image.png; path = Post_Icon.png; sourceTree = "<group>"; };
		E27A85CC1C5A8C8C00427200 /* Filter_Icon.png */ = {isa = PBXFileReference; lastKnownFileType = image.png; path = Filter_Icon.png; sourceTree = "<group>"; };
		E2B929891C699ADD00157DBD /* Financial_Button_Icon_Weak.png */ = {isa = PBXFileReference; lastKnownFileType = image.png; path = Financial_Button_Icon_Weak.png; sourceTree = "<group>"; };
		E2B9298A1C699ADD00157DBD /* Legal_Button_Icon_Weak.png */ = {isa = PBXFileReference; lastKnownFileType = image.png; path = Legal_Button_Icon_Weak.png; sourceTree = "<group>"; };
		E2B9298B1C699ADD00157DBD /* Medical_Button_Icon_Weak.png */ = {isa = PBXFileReference; lastKnownFileType = image.png; path = Medical_Button_Icon_Weak.png; sourceTree = "<group>"; };
		E2B9298C1C699ADD00157DBD /* Personal_Button_Icon_Weak.png */ = {isa = PBXFileReference; lastKnownFileType = image.png; path = Personal_Button_Icon_Weak.png; sourceTree = "<group>"; };
		E2D668E21C67FF7D00CE0327 /* Medical_Button_Icon.pxm */ = {isa = PBXFileReference; lastKnownFileType = file; path = Medical_Button_Icon.pxm; sourceTree = "<group>"; };
		E2DD4F961C7A5462009F103F /* ThreeHands_gray.png */ = {isa = PBXFileReference; lastKnownFileType = image.png; path = ThreeHands_gray.png; sourceTree = "<group>"; };
		F48894AF1B99399B003627DB /* AudioToolbox.framework */ = {isa = PBXFileReference; lastKnownFileType = wrapper.framework; name = AudioToolbox.framework; path = System/Library/Frameworks/AudioToolbox.framework; sourceTree = SDKROOT; };
		F48894B11B9939A3003627DB /* CFNetwork.framework */ = {isa = PBXFileReference; lastKnownFileType = wrapper.framework; name = CFNetwork.framework; path = System/Library/Frameworks/CFNetwork.framework; sourceTree = SDKROOT; };
		F48894B31B9939AB003627DB /* CoreGraphics.framework */ = {isa = PBXFileReference; lastKnownFileType = wrapper.framework; name = CoreGraphics.framework; path = System/Library/Frameworks/CoreGraphics.framework; sourceTree = SDKROOT; };
		F48894B51B9939B0003627DB /* CoreLocation.framework */ = {isa = PBXFileReference; lastKnownFileType = wrapper.framework; name = CoreLocation.framework; path = System/Library/Frameworks/CoreLocation.framework; sourceTree = SDKROOT; };
		F48894B71B9939B7003627DB /* QuartzCore.framework */ = {isa = PBXFileReference; lastKnownFileType = wrapper.framework; name = QuartzCore.framework; path = System/Library/Frameworks/QuartzCore.framework; sourceTree = SDKROOT; };
		F48894B91B9939BF003627DB /* Security.framework */ = {isa = PBXFileReference; lastKnownFileType = wrapper.framework; name = Security.framework; path = System/Library/Frameworks/Security.framework; sourceTree = SDKROOT; };
		F48894BB1B9939C4003627DB /* StoreKit.framework */ = {isa = PBXFileReference; lastKnownFileType = wrapper.framework; name = StoreKit.framework; path = System/Library/Frameworks/StoreKit.framework; sourceTree = SDKROOT; };
		F48894BD1B9939CC003627DB /* SystemConfiguration.framework */ = {isa = PBXFileReference; lastKnownFileType = wrapper.framework; name = SystemConfiguration.framework; path = System/Library/Frameworks/SystemConfiguration.framework; sourceTree = SDKROOT; };
		F48894BF1B9939D6003627DB /* libz.dylib */ = {isa = PBXFileReference; lastKnownFileType = "compiled.mach-o.dylib"; name = libz.dylib; path = usr/lib/libz.dylib; sourceTree = SDKROOT; };
		F48894C11B9939DF003627DB /* libsqlite3.dylib */ = {isa = PBXFileReference; lastKnownFileType = "compiled.mach-o.dylib"; name = libsqlite3.dylib; path = usr/lib/libsqlite3.dylib; sourceTree = SDKROOT; };
		FC34ECA8E63ACD2BFA8D279D /* Pods.release.xcconfig */ = {isa = PBXFileReference; includeInIndex = 1; lastKnownFileType = text.xcconfig; name = Pods.release.xcconfig; path = "Pods/Target Support Files/Pods/Pods.release.xcconfig"; sourceTree = "<group>"; };
/* End PBXFileReference section */

/* Begin PBXFrameworksBuildPhase section */
		E02347061B677CD3004F2DBE /* Frameworks */ = {
			isa = PBXFrameworksBuildPhase;
			buildActionMask = 2147483647;
			files = (
				F48894C21B9939DF003627DB /* libsqlite3.dylib in Frameworks */,
				F48894C01B9939D6003627DB /* libz.dylib in Frameworks */,
				F48894BE1B9939CC003627DB /* SystemConfiguration.framework in Frameworks */,
				F48894BC1B9939C4003627DB /* StoreKit.framework in Frameworks */,
				F48894BA1B9939BF003627DB /* Security.framework in Frameworks */,
				F48894B81B9939B7003627DB /* QuartzCore.framework in Frameworks */,
				F48894B61B9939B0003627DB /* CoreLocation.framework in Frameworks */,
				F48894B41B9939AB003627DB /* CoreGraphics.framework in Frameworks */,
				F48894B21B9939A3003627DB /* CFNetwork.framework in Frameworks */,
				F48894B01B99399B003627DB /* AudioToolbox.framework in Frameworks */,
				FDECF67A66A4F8459E3F23AC /* libPods.a in Frameworks */,
			);
			runOnlyForDeploymentPostprocessing = 0;
		};
		E023471B1B677CD3004F2DBE /* Frameworks */ = {
			isa = PBXFrameworksBuildPhase;
			buildActionMask = 2147483647;
			files = (
			);
			runOnlyForDeploymentPostprocessing = 0;
		};
/* End PBXFrameworksBuildPhase section */

/* Begin PBXGroup section */
		642943ABF5931C0D17CB1257 /* Pods */ = {
			isa = PBXGroup;
			children = (
				7304E1711D41A83FBCFDCC1D /* Pods.debug.xcconfig */,
				FC34ECA8E63ACD2BFA8D279D /* Pods.release.xcconfig */,
			);
			name = Pods;
			sourceTree = "<group>";
		};
		E02347001B677CD3004F2DBE = {
			isa = PBXGroup;
			children = (
				E023472E1B679009004F2DBE /* Frameworks */,
				E023470B1B677CD3004F2DBE /* Caregiving */,
				E02347211B677CD3004F2DBE /* CaregivingTests */,
				E023470A1B677CD3004F2DBE /* Products */,
				642943ABF5931C0D17CB1257 /* Pods */,
			);
			sourceTree = "<group>";
		};
		E023470A1B677CD3004F2DBE /* Products */ = {
			isa = PBXGroup;
			children = (
				E02347091B677CD3004F2DBE /* ParseDemo.app */,
				E023471E1B677CD3004F2DBE /* ParseDemoTests.xctest */,
			);
			name = Products;
			sourceTree = "<group>";
		};
		E023470B1B677CD3004F2DBE /* Caregiving */ = {
			isa = PBXGroup;
			children = (
				E2235BF31C5576A8009320A1 /* Third Party  */,
				E023470E1B677CD3004F2DBE /* AppDelegate.swift */,
				E02347121B677CD3004F2DBE /* Main.storyboard */,
				E02347531B6A50F6004F2DBE /* SignUpViewController.swift */,
				E023475F1B6BE423004F2DBE /* LoginViewController.swift */,
				E02347571B6BE242004F2DBE /* ResetPasswordViewController.swift */,
				E25F0FC31C56E47400F99DB5 /* NewsfeedViewController.swift */,
				E25F0FC11C56E24900F99DB5 /* NewsFeedTableViewCell.swift */,
				E25AF0691C69334C003654B3 /* NewsFeedTableViewImageCell.swift */,
				E265B6A51C6E52F70033AB04 /* TextEntryViewController.swift */,
				912D6D791C71083400FBD51A /* LocalResourcesViewController.swift */,
				912D6D7B1C71084200FBD51A /* DetailLocalResourcesViewController.swift */,
				316E038A1C73934E003D9E77 /* EssentialsEntryViewController.swift */,
				3122C6701C6CF1F8008FE477 /* EssentialsViewController.swift */,
				3122C6721C6CF567008FE477 /* EssentialsTableViewCell.swift */,
				91863D381C691179005C6C58 /* MoreViewController.swift */,
				91863D3C1C69124C005C6C58 /* ManageTeamViewController.swift */,
				912D6D7D1C739B9400FBD51A /* AddTeamMemberViewController.swift */,
				91FFBD851C692E220004BBD0 /* UserAccessViewController.swift */,
				9189A0511C7A20920094507D /* AboutUsTableViewController.swift */,
				9189A0531C7A3C800094507D /* DisclaimerViewController.swift */,
				E023475D1B6BE32A004F2DBE /* HomeViewController.swift */,
				E02347151B677CD3004F2DBE /* Images.xcassets */,
				E02347171B677CD3004F2DBE /* LaunchScreen.xib */,
				E023470C1B677CD3004F2DBE /* Supporting Files */,
				B9489BC81C4C269600F455EE /* AppUser.swift */,
				B9489BCA1C4C26AA00F455EE /* AccessLevel.swift */,
				B9489BCC1C4C26C100F455EE /* NFObject.swift */,
				858AC7A21C610EEB00579261 /* Essentials.swift */,
				854438361C691F690018E60B /* LocalResources.swift */,
				E203BE7E1C4C980B009BC4C6 /* Images */,
				E2235BEF1C5576A2009320A1 /* ParseDemo-Bridging-Header.h */,
			);
			name = Caregiving;
			path = ParseDemo;
			sourceTree = "<group>";
		};
		E023470C1B677CD3004F2DBE /* Supporting Files */ = {
			isa = PBXGroup;
			children = (
				E023470D1B677CD3004F2DBE /* Info.plist */,
			);
			name = "Supporting Files";
			sourceTree = "<group>";
		};
		E02347211B677CD3004F2DBE /* CaregivingTests */ = {
			isa = PBXGroup;
			children = (
				E02347241B677CD3004F2DBE /* ParseDemoTests.swift */,
				E02347221B677CD3004F2DBE /* Supporting Files */,
			);
			name = CaregivingTests;
			path = ParseDemoTests;
			sourceTree = "<group>";
		};
		E02347221B677CD3004F2DBE /* Supporting Files */ = {
			isa = PBXGroup;
			children = (
				E02347231B677CD3004F2DBE /* Info.plist */,
			);
			name = "Supporting Files";
			sourceTree = "<group>";
		};
		E023472E1B679009004F2DBE /* Frameworks */ = {
			isa = PBXGroup;
			children = (
				F48894C11B9939DF003627DB /* libsqlite3.dylib */,
				F48894BF1B9939D6003627DB /* libz.dylib */,
				F48894BD1B9939CC003627DB /* SystemConfiguration.framework */,
				F48894BB1B9939C4003627DB /* StoreKit.framework */,
				F48894B91B9939BF003627DB /* Security.framework */,
				F48894B71B9939B7003627DB /* QuartzCore.framework */,
				F48894B51B9939B0003627DB /* CoreLocation.framework */,
				F48894B31B9939AB003627DB /* CoreGraphics.framework */,
				F48894B11B9939A3003627DB /* CFNetwork.framework */,
				F48894AF1B99399B003627DB /* AudioToolbox.framework */,
				76EF4CAB564325C4D43B42B5 /* libPods.a */,
			);
			name = Frameworks;
			sourceTree = "<group>";
		};
		E203BE7E1C4C980B009BC4C6 /* Images */ = {
			isa = PBXGroup;
			children = (
				E2DD4F961C7A5462009F103F /* ThreeHands_gray.png */,
				8594368F1C7A9F4B0065A236 /* memorycafe.png */,
				E2B929891C699ADD00157DBD /* Financial_Button_Icon_Weak.png */,
				E2B9298A1C699ADD00157DBD /* Legal_Button_Icon_Weak.png */,
				E2B9298B1C699ADD00157DBD /* Medical_Button_Icon_Weak.png */,
				E2B9298C1C699ADD00157DBD /* Personal_Button_Icon_Weak.png */,
				E2D668E21C67FF7D00CE0327 /* Medical_Button_Icon.pxm */,
				9189A0551C7A445E0094507D /* LocationIconSmall.png */,
				853C09911C7A55E700CA1B30 /* actonalzheimers.png */,
				9189A0591C7A44BE0094507D /* WebLinkIconSmall.png */,
				9189A0571C7A44810094507D /* PhoneIconSmall.png */,
				9189A05D1C7A9B800094507D /* EmailIconSmall.png */,
				9189A05B1C7A9B790094507D /* ContactIconSmall.png */,
				8594368B1C7A96CD0065A236 /* threelinks.png */,
				311126A61C762B9B005280BA /* delete.png */,
				8594368D1C7A96D20065A236 /* ricecounty.png */,
				859436831C7A96BE0065A236 /* northfieldretirementcommunity.png */,
				859436851C7A96C20065A236 /* image-coming-soon.png */,
				859436871C7A96C60065A236 /* northfieldseniorcenter.png */,
				8594367D1C7A96B00065A236 /* carlsoncapitalmanagement.png */,
				859436891C7A96CA0065A236 /* thisisnorthfield.png */,
				E20C732D1C627F56005CB7BC /* Personal_Button_Icon.png */,
				8594367F1C7A96B50065A236 /* dakotacounty.png */,
				E20C732B1C627F41005CB7BC /* Legal_Button_Icon.png */,
				E20C73291C627F3C005CB7BC /* Financial_Button_Icon.png */,
				31A224751C73B21D00D16B03 /* unchecked.png */,
				859436811C7A96BA0065A236 /* hvistendahl.png */,
				E20C73271C627D3D005CB7BC /* Medical_Button_Icon.png */,
				31A224771C73B22E00D16B03 /* checked.png */,
				E27A85CC1C5A8C8C00427200 /* Filter_Icon.png */,
				E203BE871C4C987C009BC4C6 /* MoreTabIcon.png */,
				E203BE8F1C4C9A7B009BC4C6 /* EssentialsTabIcon.png */,
				E27A85CA1C5A889F00427200 /* Post_Icon.png */,
				E203BE801C4C981B009BC4C6 /* LocalResourcesTabIcon.png */,
				E203BE991C4C9D3E009BC4C6 /* ThreeHands.png */,
				E203BE951C4C9B9E009BC4C6 /* NewsFeedTabIconSmall.png */,
				E203BE911C4C9AFD009BC4C6 /* LocalResourcesTabIconSmall.png */,
				E203BE821C4C981B009BC4C6 /* NewsFeedTabIcon.png */,
			);
			name = Images;
			path = ..;
			sourceTree = "<group>";
		};
		E2235BF31C5576A8009320A1 /* Third Party  */ = {
			isa = PBXGroup;
			children = (
				E2235BF01C5576A3009320A1 /* CNPPopupController.h */,
				E2235BF11C5576A3009320A1 /* CNPPopupController.m */,
			);
			name = "Third Party ";
			sourceTree = "<group>";
		};
/* End PBXGroup section */

/* Begin PBXNativeTarget section */
		E02347081B677CD3004F2DBE /* ParseDemo */ = {
			isa = PBXNativeTarget;
			buildConfigurationList = E02347281B677CD3004F2DBE /* Build configuration list for PBXNativeTarget "ParseDemo" */;
			buildPhases = (
				1D72F16F8A6571CCF5DE8420 /* Check Pods Manifest.lock */,
				E02347051B677CD3004F2DBE /* Sources */,
				E02347061B677CD3004F2DBE /* Frameworks */,
				E02347071B677CD3004F2DBE /* Resources */,
				2EBD95FFA4F9A2F7BF08055F /* Embed Pods Frameworks */,
				F236FB79260203DE4388BD65 /* Copy Pods Resources */,
			);
			buildRules = (
			);
			dependencies = (
			);
			name = ParseDemo;
			productName = ParseDemo;
			productReference = E02347091B677CD3004F2DBE /* ParseDemo.app */;
			productType = "com.apple.product-type.application";
		};
		E023471D1B677CD3004F2DBE /* ParseDemoTests */ = {
			isa = PBXNativeTarget;
			buildConfigurationList = E023472B1B677CD3004F2DBE /* Build configuration list for PBXNativeTarget "ParseDemoTests" */;
			buildPhases = (
				E023471A1B677CD3004F2DBE /* Sources */,
				E023471B1B677CD3004F2DBE /* Frameworks */,
				E023471C1B677CD3004F2DBE /* Resources */,
			);
			buildRules = (
			);
			dependencies = (
				E02347201B677CD3004F2DBE /* PBXTargetDependency */,
			);
			name = ParseDemoTests;
			productName = ParseDemoTests;
			productReference = E023471E1B677CD3004F2DBE /* ParseDemoTests.xctest */;
			productType = "com.apple.product-type.bundle.unit-test";
		};
/* End PBXNativeTarget section */

/* Begin PBXProject section */
		E02347011B677CD3004F2DBE /* Project object */ = {
			isa = PBXProject;
			attributes = {
				LastSwiftUpdateCheck = 0720;
				LastUpgradeCheck = 0710;
				ORGANIZATIONNAME = abearablecode;
				TargetAttributes = {
					E02347081B677CD3004F2DBE = {
						CreatedOnToolsVersion = 6.4;
					};
					E023471D1B677CD3004F2DBE = {
						CreatedOnToolsVersion = 6.4;
						TestTargetID = E02347081B677CD3004F2DBE;
					};
				};
			};
			buildConfigurationList = E02347041B677CD3004F2DBE /* Build configuration list for PBXProject "Caregiving" */;
			compatibilityVersion = "Xcode 3.2";
			developmentRegion = English;
			hasScannedForEncodings = 0;
			knownRegions = (
				en,
				Base,
			);
			mainGroup = E02347001B677CD3004F2DBE;
			productRefGroup = E023470A1B677CD3004F2DBE /* Products */;
			projectDirPath = "";
			projectRoot = "";
			targets = (
				E02347081B677CD3004F2DBE /* ParseDemo */,
				E023471D1B677CD3004F2DBE /* ParseDemoTests */,
			);
		};
/* End PBXProject section */

/* Begin PBXResourcesBuildPhase section */
		E02347071B677CD3004F2DBE /* Resources */ = {
			isa = PBXResourcesBuildPhase;
			buildActionMask = 2147483647;
			files = (
				E203BE921C4C9AFD009BC4C6 /* LocalResourcesTabIconSmall.png in Resources */,
				859436901C7A9F4B0065A236 /* memorycafe.png in Resources */,
				31A224781C73B22E00D16B03 /* checked.png in Resources */,
				E203BE961C4C9B9E009BC4C6 /* NewsFeedTabIconSmall.png in Resources */,
				8594368E1C7A96D20065A236 /* ricecounty.png in Resources */,
				853C09921C7A55E700CA1B30 /* actonalzheimers.png in Resources */,
				9189A0581C7A44810094507D /* PhoneIconSmall.png in Resources */,
				9189A0561C7A445E0094507D /* LocationIconSmall.png in Resources */,
				9189A05A1C7A44BE0094507D /* WebLinkIconSmall.png in Resources */,
				859436881C7A96C60065A236 /* northfieldseniorcenter.png in Resources */,
				E20C732E1C627F56005CB7BC /* Personal_Button_Icon.png in Resources */,
				E2B9298D1C699ADD00157DBD /* Financial_Button_Icon_Weak.png in Resources */,
				859436801C7A96B50065A236 /* dakotacounty.png in Resources */,
				E203BE881C4C987C009BC4C6 /* MoreTabIcon.png in Resources */,
				E203BE861C4C981B009BC4C6 /* NewsFeedTabIcon.png in Resources */,
				E20C732A1C627F3C005CB7BC /* Financial_Button_Icon.png in Resources */,
				E02347141B677CD3004F2DBE /* Main.storyboard in Resources */,
				859436821C7A96BA0065A236 /* hvistendahl.png in Resources */,
				E20C732C1C627F41005CB7BC /* Legal_Button_Icon.png in Resources */,
				8594367E1C7A96B00065A236 /* carlsoncapitalmanagement.png in Resources */,
				E203BE9A1C4C9D3E009BC4C6 /* ThreeHands.png in Resources */,
				E20C73281C627D3D005CB7BC /* Medical_Button_Icon.png in Resources */,
				9189A05C1C7A9B790094507D /* ContactIconSmall.png in Resources */,
				8594368A1C7A96CA0065A236 /* thisisnorthfield.png in Resources */,
				E02347191B677CD3004F2DBE /* LaunchScreen.xib in Resources */,
				E2B9298E1C699ADD00157DBD /* Legal_Button_Icon_Weak.png in Resources */,
				859436841C7A96BE0065A236 /* northfieldretirementcommunity.png in Resources */,
				859436861C7A96C20065A236 /* image-coming-soon.png in Resources */,
				31A224761C73B21D00D16B03 /* unchecked.png in Resources */,
				E02347161B677CD3004F2DBE /* Images.xcassets in Resources */,
				E27A85CD1C5A8C8C00427200 /* Filter_Icon.png in Resources */,
				9189A05E1C7A9B800094507D /* EmailIconSmall.png in Resources */,
				E203BE841C4C981B009BC4C6 /* LocalResourcesTabIcon.png in Resources */,
				E27A85CB1C5A889F00427200 /* Post_Icon.png in Resources */,
				8594368C1C7A96CD0065A236 /* threelinks.png in Resources */,
				311126A71C762B9B005280BA /* delete.png in Resources */,
				E2B9298F1C699ADD00157DBD /* Medical_Button_Icon_Weak.png in Resources */,
				E2B929901C699ADD00157DBD /* Personal_Button_Icon_Weak.png in Resources */,
				E2DD4F971C7A5462009F103F /* ThreeHands_gray.png in Resources */,
				E203BE901C4C9A7B009BC4C6 /* EssentialsTabIcon.png in Resources */,
			);
			runOnlyForDeploymentPostprocessing = 0;
		};
		E023471C1B677CD3004F2DBE /* Resources */ = {
			isa = PBXResourcesBuildPhase;
			buildActionMask = 2147483647;
			files = (
			);
			runOnlyForDeploymentPostprocessing = 0;
		};
/* End PBXResourcesBuildPhase section */

/* Begin PBXShellScriptBuildPhase section */
		1D72F16F8A6571CCF5DE8420 /* Check Pods Manifest.lock */ = {
			isa = PBXShellScriptBuildPhase;
			buildActionMask = 2147483647;
			files = (
			);
			inputPaths = (
			);
			name = "Check Pods Manifest.lock";
			outputPaths = (
			);
			runOnlyForDeploymentPostprocessing = 0;
			shellPath = /bin/sh;
			shellScript = "diff \"${PODS_ROOT}/../Podfile.lock\" \"${PODS_ROOT}/Manifest.lock\" > /dev/null\nif [[ $? != 0 ]] ; then\n    cat << EOM\nerror: The sandbox is not in sync with the Podfile.lock. Run 'pod install' or update your CocoaPods installation.\nEOM\n    exit 1\nfi\n";
			showEnvVarsInLog = 0;
		};
		2EBD95FFA4F9A2F7BF08055F /* Embed Pods Frameworks */ = {
			isa = PBXShellScriptBuildPhase;
			buildActionMask = 2147483647;
			files = (
			);
			inputPaths = (
			);
			name = "Embed Pods Frameworks";
			outputPaths = (
			);
			runOnlyForDeploymentPostprocessing = 0;
			shellPath = /bin/sh;
			shellScript = "\"${SRCROOT}/Pods/Target Support Files/Pods/Pods-frameworks.sh\"\n";
			showEnvVarsInLog = 0;
		};
		F236FB79260203DE4388BD65 /* Copy Pods Resources */ = {
			isa = PBXShellScriptBuildPhase;
			buildActionMask = 2147483647;
			files = (
			);
			inputPaths = (
			);
			name = "Copy Pods Resources";
			outputPaths = (
			);
			runOnlyForDeploymentPostprocessing = 0;
			shellPath = /bin/sh;
			shellScript = "\"${SRCROOT}/Pods/Target Support Files/Pods/Pods-resources.sh\"\n";
			showEnvVarsInLog = 0;
		};
/* End PBXShellScriptBuildPhase section */

/* Begin PBXSourcesBuildPhase section */
		E02347051B677CD3004F2DBE /* Sources */ = {
			isa = PBXSourcesBuildPhase;
			buildActionMask = 2147483647;
			files = (
				B9489BC91C4C269600F455EE /* AppUser.swift in Sources */,
				9189A0541C7A3C800094507D /* DisclaimerViewController.swift in Sources */,
				3122C6711C6CF1F8008FE477 /* EssentialsViewController.swift in Sources */,
				91863D391C691179005C6C58 /* MoreViewController.swift in Sources */,
				91863D3D1C69124C005C6C58 /* ManageTeamViewController.swift in Sources */,
				912D6D7E1C739B9400FBD51A /* AddTeamMemberViewController.swift in Sources */,
				E02347601B6BE423004F2DBE /* LoginViewController.swift in Sources */,
				E02347581B6BE242004F2DBE /* ResetPasswordViewController.swift in Sources */,
				912D6D7A1C71083400FBD51A /* LocalResourcesViewController.swift in Sources */,
				E02347541B6A50F6004F2DBE /* SignUpViewController.swift in Sources */,
				E023470F1B677CD3004F2DBE /* AppDelegate.swift in Sources */,
				B9489BCB1C4C26AA00F455EE /* AccessLevel.swift in Sources */,
				854438371C691F690018E60B /* LocalResources.swift in Sources */,
				858AC7A31C610EEB00579261 /* Essentials.swift in Sources */,
				9189A0521C7A20920094507D /* AboutUsTableViewController.swift in Sources */,
				E2235BF21C5576A3009320A1 /* CNPPopupController.m in Sources */,
				912D6D7C1C71084200FBD51A /* DetailLocalResourcesViewController.swift in Sources */,
				E25F0FC21C56E24900F99DB5 /* NewsFeedTableViewCell.swift in Sources */,
				E25AF06A1C69334D003654B3 /* NewsFeedTableViewImageCell.swift in Sources */,
				91FFBD861C692E220004BBD0 /* UserAccessViewController.swift in Sources */,
				316E038B1C73934E003D9E77 /* EssentialsEntryViewController.swift in Sources */,
				E265B6A61C6E52F70033AB04 /* TextEntryViewController.swift in Sources */,
				E023475E1B6BE32A004F2DBE /* HomeViewController.swift in Sources */,
				3122C6731C6CF567008FE477 /* EssentialsTableViewCell.swift in Sources */,
				B9489BCD1C4C26C100F455EE /* NFObject.swift in Sources */,
				E25F0FC41C56E47400F99DB5 /* NewsfeedViewController.swift in Sources */,
			);
			runOnlyForDeploymentPostprocessing = 0;
		};
		E023471A1B677CD3004F2DBE /* Sources */ = {
			isa = PBXSourcesBuildPhase;
			buildActionMask = 2147483647;
			files = (
				E02347251B677CD3004F2DBE /* ParseDemoTests.swift in Sources */,
			);
			runOnlyForDeploymentPostprocessing = 0;
		};
/* End PBXSourcesBuildPhase section */

/* Begin PBXTargetDependency section */
		E02347201B677CD3004F2DBE /* PBXTargetDependency */ = {
			isa = PBXTargetDependency;
			target = E02347081B677CD3004F2DBE /* ParseDemo */;
			targetProxy = E023471F1B677CD3004F2DBE /* PBXContainerItemProxy */;
		};
/* End PBXTargetDependency section */

/* Begin PBXVariantGroup section */
		E02347121B677CD3004F2DBE /* Main.storyboard */ = {
			isa = PBXVariantGroup;
			children = (
				E02347131B677CD3004F2DBE /* Base */,
			);
			name = Main.storyboard;
			sourceTree = "<group>";
		};
		E02347171B677CD3004F2DBE /* LaunchScreen.xib */ = {
			isa = PBXVariantGroup;
			children = (
				E02347181B677CD3004F2DBE /* Base */,
			);
			name = LaunchScreen.xib;
			sourceTree = "<group>";
		};
/* End PBXVariantGroup section */

/* Begin XCBuildConfiguration section */
		E02347261B677CD3004F2DBE /* Debug */ = {
			isa = XCBuildConfiguration;
			buildSettings = {
				ALWAYS_SEARCH_USER_PATHS = NO;
				CLANG_CXX_LANGUAGE_STANDARD = "gnu++0x";
				CLANG_CXX_LIBRARY = "libc++";
				CLANG_ENABLE_MODULES = YES;
				CLANG_ENABLE_OBJC_ARC = YES;
				CLANG_WARN_BOOL_CONVERSION = YES;
				CLANG_WARN_CONSTANT_CONVERSION = YES;
				CLANG_WARN_DIRECT_OBJC_ISA_USAGE = YES_ERROR;
				CLANG_WARN_EMPTY_BODY = YES;
				CLANG_WARN_ENUM_CONVERSION = YES;
				CLANG_WARN_INT_CONVERSION = YES;
				CLANG_WARN_OBJC_ROOT_CLASS = YES_ERROR;
				CLANG_WARN_UNREACHABLE_CODE = YES;
				CLANG_WARN__DUPLICATE_METHOD_MATCH = YES;
				"CODE_SIGN_IDENTITY[sdk=iphoneos*]" = "iPhone Developer";
				COPY_PHASE_STRIP = NO;
				DEBUG_INFORMATION_FORMAT = "dwarf-with-dsym";
				ENABLE_STRICT_OBJC_MSGSEND = YES;
				ENABLE_TESTABILITY = YES;
				GCC_C_LANGUAGE_STANDARD = gnu99;
				GCC_DYNAMIC_NO_PIC = NO;
				GCC_NO_COMMON_BLOCKS = YES;
				GCC_OPTIMIZATION_LEVEL = 0;
				GCC_PREPROCESSOR_DEFINITIONS = (
					"DEBUG=1",
					"$(inherited)",
				);
				GCC_SYMBOLS_PRIVATE_EXTERN = NO;
				GCC_WARN_64_TO_32_BIT_CONVERSION = YES;
				GCC_WARN_ABOUT_RETURN_TYPE = YES_ERROR;
				GCC_WARN_UNDECLARED_SELECTOR = YES;
				GCC_WARN_UNINITIALIZED_AUTOS = YES_AGGRESSIVE;
				GCC_WARN_UNUSED_FUNCTION = YES;
				GCC_WARN_UNUSED_VARIABLE = YES;
				IPHONEOS_DEPLOYMENT_TARGET = 8.4;
				MTL_ENABLE_DEBUG_INFO = YES;
				ONLY_ACTIVE_ARCH = YES;
				SDKROOT = iphoneos;
				SWIFT_OPTIMIZATION_LEVEL = "-Onone";
			};
			name = Debug;
		};
		E02347271B677CD3004F2DBE /* Release */ = {
			isa = XCBuildConfiguration;
			buildSettings = {
				ALWAYS_SEARCH_USER_PATHS = NO;
				CLANG_CXX_LANGUAGE_STANDARD = "gnu++0x";
				CLANG_CXX_LIBRARY = "libc++";
				CLANG_ENABLE_MODULES = YES;
				CLANG_ENABLE_OBJC_ARC = YES;
				CLANG_WARN_BOOL_CONVERSION = YES;
				CLANG_WARN_CONSTANT_CONVERSION = YES;
				CLANG_WARN_DIRECT_OBJC_ISA_USAGE = YES_ERROR;
				CLANG_WARN_EMPTY_BODY = YES;
				CLANG_WARN_ENUM_CONVERSION = YES;
				CLANG_WARN_INT_CONVERSION = YES;
				CLANG_WARN_OBJC_ROOT_CLASS = YES_ERROR;
				CLANG_WARN_UNREACHABLE_CODE = YES;
				CLANG_WARN__DUPLICATE_METHOD_MATCH = YES;
				"CODE_SIGN_IDENTITY[sdk=iphoneos*]" = "iPhone Developer";
				COPY_PHASE_STRIP = NO;
				DEBUG_INFORMATION_FORMAT = "dwarf-with-dsym";
				ENABLE_NS_ASSERTIONS = NO;
				ENABLE_STRICT_OBJC_MSGSEND = YES;
				GCC_C_LANGUAGE_STANDARD = gnu99;
				GCC_NO_COMMON_BLOCKS = YES;
				GCC_WARN_64_TO_32_BIT_CONVERSION = YES;
				GCC_WARN_ABOUT_RETURN_TYPE = YES_ERROR;
				GCC_WARN_UNDECLARED_SELECTOR = YES;
				GCC_WARN_UNINITIALIZED_AUTOS = YES_AGGRESSIVE;
				GCC_WARN_UNUSED_FUNCTION = YES;
				GCC_WARN_UNUSED_VARIABLE = YES;
				IPHONEOS_DEPLOYMENT_TARGET = 8.4;
				MTL_ENABLE_DEBUG_INFO = NO;
				SDKROOT = iphoneos;
				VALIDATE_PRODUCT = YES;
			};
			name = Release;
		};
		E02347291B677CD3004F2DBE /* Debug */ = {
			isa = XCBuildConfiguration;
			baseConfigurationReference = 7304E1711D41A83FBCFDCC1D /* Pods.debug.xcconfig */;
			buildSettings = {
				ASSETCATALOG_COMPILER_APPICON_NAME = AppIcon;
				CLANG_ENABLE_MODULES = YES;
				ENABLE_BITCODE = NO;
				FRAMEWORK_SEARCH_PATHS = (
					"$(inherited)",
					"$(PROJECT_DIR)",
				);
				INFOPLIST_FILE = ParseDemo/Info.plist;
				IPHONEOS_DEPLOYMENT_TARGET = 9.0;
				LD_RUNPATH_SEARCH_PATHS = "$(inherited) @executable_path/Frameworks";
				PRODUCT_BUNDLE_IDENTIFIER = com.carleton.caregivernet;
				PRODUCT_NAME = "$(TARGET_NAME)";
				SWIFT_INSTALL_OBJC_HEADER = NO;
				SWIFT_OBJC_BRIDGING_HEADER = "ParseDemo/ParseDemo-Bridging-Header.h";
				SWIFT_OPTIMIZATION_LEVEL = "-Onone";
			};
			name = Debug;
		};
		E023472A1B677CD3004F2DBE /* Release */ = {
			isa = XCBuildConfiguration;
			baseConfigurationReference = FC34ECA8E63ACD2BFA8D279D /* Pods.release.xcconfig */;
			buildSettings = {
				ASSETCATALOG_COMPILER_APPICON_NAME = AppIcon;
				CLANG_ENABLE_MODULES = YES;
				ENABLE_BITCODE = NO;
				FRAMEWORK_SEARCH_PATHS = (
					"$(inherited)",
					"$(PROJECT_DIR)",
				);
				INFOPLIST_FILE = ParseDemo/Info.plist;
				IPHONEOS_DEPLOYMENT_TARGET = 9.0;
				LD_RUNPATH_SEARCH_PATHS = "$(inherited) @executable_path/Frameworks";
				PRODUCT_BUNDLE_IDENTIFIER = com.carleton.caregivernet;
				PRODUCT_NAME = "$(TARGET_NAME)";
				SWIFT_INSTALL_OBJC_HEADER = NO;
				SWIFT_OBJC_BRIDGING_HEADER = "ParseDemo/ParseDemo-Bridging-Header.h";
			};
			name = Release;
		};
		E023472C1B677CD3004F2DBE /* Debug */ = {
			isa = XCBuildConfiguration;
			buildSettings = {
				BUNDLE_LOADER = "$(TEST_HOST)";
				FRAMEWORK_SEARCH_PATHS = (
					"$(SDKROOT)/Developer/Library/Frameworks",
					"$(inherited)",
				);
				GCC_PREPROCESSOR_DEFINITIONS = (
					"DEBUG=1",
					"$(inherited)",
				);
				INFOPLIST_FILE = ParseDemoTests/Info.plist;
				LD_RUNPATH_SEARCH_PATHS = "$(inherited) @executable_path/Frameworks @loader_path/Frameworks";
				PRODUCT_BUNDLE_IDENTIFIER = "com.abearablecode.$(PRODUCT_NAME:rfc1034identifier)";
				PRODUCT_NAME = "$(TARGET_NAME)";
				TEST_HOST = "$(BUILT_PRODUCTS_DIR)/ParseDemo.app/ParseDemo";
			};
			name = Debug;
		};
		E023472D1B677CD3004F2DBE /* Release */ = {
			isa = XCBuildConfiguration;
			buildSettings = {
				BUNDLE_LOADER = "$(TEST_HOST)";
				FRAMEWORK_SEARCH_PATHS = (
					"$(SDKROOT)/Developer/Library/Frameworks",
					"$(inherited)",
				);
				INFOPLIST_FILE = ParseDemoTests/Info.plist;
				LD_RUNPATH_SEARCH_PATHS = "$(inherited) @executable_path/Frameworks @loader_path/Frameworks";
				PRODUCT_BUNDLE_IDENTIFIER = "com.abearablecode.$(PRODUCT_NAME:rfc1034identifier)";
				PRODUCT_NAME = "$(TARGET_NAME)";
				TEST_HOST = "$(BUILT_PRODUCTS_DIR)/ParseDemo.app/ParseDemo";
			};
			name = Release;
		};
/* End XCBuildConfiguration section */

/* Begin XCConfigurationList section */
		E02347041B677CD3004F2DBE /* Build configuration list for PBXProject "Caregiving" */ = {
			isa = XCConfigurationList;
			buildConfigurations = (
				E02347261B677CD3004F2DBE /* Debug */,
				E02347271B677CD3004F2DBE /* Release */,
			);
			defaultConfigurationIsVisible = 0;
			defaultConfigurationName = Release;
		};
		E02347281B677CD3004F2DBE /* Build configuration list for PBXNativeTarget "ParseDemo" */ = {
			isa = XCConfigurationList;
			buildConfigurations = (
				E02347291B677CD3004F2DBE /* Debug */,
				E023472A1B677CD3004F2DBE /* Release */,
			);
			defaultConfigurationIsVisible = 0;
			defaultConfigurationName = Release;
		};
		E023472B1B677CD3004F2DBE /* Build configuration list for PBXNativeTarget "ParseDemoTests" */ = {
			isa = XCConfigurationList;
			buildConfigurations = (
				E023472C1B677CD3004F2DBE /* Debug */,
				E023472D1B677CD3004F2DBE /* Release */,
			);
			defaultConfigurationIsVisible = 0;
			defaultConfigurationName = Release;
		};
/* End XCConfigurationList section */
	};
	rootObject = E02347011B677CD3004F2DBE /* Project object */;
}
